version = 1
revision = 3
requires-python = "==3.12.*"

[[package]]
name = "colorama"
version = "0.4.6"
source = { registry = "https://pypi.org/simple" }
sdist = { url = "https://files.pythonhosted.org/packages/d8/53/6f443c9a4a8358a93a6792e2acffb9d9d5cb0a5cfd8802644b7b1c9a02e4/colorama-0.4.6.tar.gz", hash = "sha256:08695f5cb7ed6e0531a20572697297273c47b8cae5a63ffc6d6ed5c201be6e44", size = 27697, upload-time = "2022-10-25T02:36:22.414Z" }
wheels = [
    { url = "https://files.pythonhosted.org/packages/d1/d6/3965ed04c63042e047cb6a3e6ed1a63a35087b6a609aa3a15ed8ac56c221/colorama-0.4.6-py2.py3-none-any.whl", hash = "sha256:4f1d9991f5acc0ca119f9d443620b77f9d6b33703e51011c16baf57afb285fc6", size = 25335, upload-time = "2022-10-25T02:36:20.889Z" },
]

[[package]]
name = "hybrid-mortgage-calculator"
version = "0.1.0"
source = { directory = "../chapter31" }
dependencies = [
    { name = "loguru" },
]

[package.metadata]
requires-dist = [
    { name = "hypothesis", marker = "extra == 'test'", specifier = ">=6.100,<7" },
    { name = "loguru", specifier = ">=0.7,<1" },
    { name = "pyqt5", marker = "extra == 'gui'", specifier = ">=5.15,<6" },
    { name = "pytest", marker = "extra == 'test'", specifier = ">=8,<9" },
    { name = "pytest-qt", marker = "extra == 'gui'", specifier = ">=4.4,<5" },
]
provides-extras = ["test", "gui"]

[[package]]
name = "hypothesis"
version = "6.167.1"
source = { registry = "https://pypi.org/simple" }
dependencies = [
    { name = "sortedcontainers" },
]
sdist = { url = "https://files.pythonhosted.org/packages/c2/c9/8cee74c1390b2932406faaab76980f18946f258fa5a8afca17189b3bc655/hypothesis-6.167.1.tar.gz", hash = "sha256:62eefcb4d2791423626e9901c3027a6e0c5ffda2ac0b44b3c7e797ab9d2d5a4c", size = 505849, upload-time = "2026-08-30T19:53:09.05Z" }
wheels = [
    { url = "https://files.pythonhosted.org/packages/53/4d/3592ca336deafbd3e9b0f47dc4c727aa32d30e765ef6370da8ecd590d388/hypothesis-6.167.1-cp310-abi3-macosx_10_12_x86_64.whl", hash = "sha256:d28118fd70e4e15ff9c308a98b312b544b6145ae45aaa3b566328c1fdee8058f", size = 785476, upload-time = "2026-08-30T19:51:02.154Z" },
    { url = "https://files.pythonhosted.org/packages/18/bf/e33c431148994cbcb3332c6df94b833ecfb4aa6a8e51ea4b83da55ddd581/hypothesis-6.167.1-cp310-abi3-macosx_11_0_arm64.whl", hash = "sha256:e517be7f82a0a917758cc489a88b826b5371f56381fd94b4a8a09ce82d8de406", size = 781033, upload-time = "2026-08-30T19:51:27.314Z" },
    { url = "https://files.pythonhosted.org/packages/94/a3/e0de9a82c7e790a1def0801076e0ef43110f98e95ed54a3554877d0cb66d/hypothesis-6.167.1-cp310-abi3-manylinux_2_17_aarch64.manylinux2014_aarch64.whl", hash = "sha256:26f8cec74c4fad7aeb0852cb34c2134b16db05d878ad3946a53337dace7016f4", size = 1117814, upload-time = "2026-08-30T19:53:04.109Z" },
    { url = "https://files.pythonhosted.org/packages/71/a4/8dd6bdc909324d1c39da1c86d65f75512ae049c159952af4cfe8feb5f8d4/hypothesis-6.167.1-cp310-abi3-manylinux_2_17_armv7l.manylinux2014_armv7l.whl", hash = "sha256:fd202d02d129197a5e771f8a11c7d30559927284c23ec3a8bd4f37a7955964d1", size = 1141639, upload-time = "2026-08-30T19:51:50.399Z" },
    { url = "https://files.pythonhosted.org/packages/fa/bd/c13ed6145c360d0770415efd7d5a7e63c29905aeef52ab88004fe7e7f924/hypothesis-6.167.1-cp310-abi3-manylinux_2_17_ppc64le.manylinux2014_ppc64le.whl", hash = "sha256:8b1e393ab01b71f683ba2a783785871cc6b81a6e41017780c64a5bc0b99759ae", size = 1143334, upload-time = "2026-08-30T19:50:38.045Z" },
    { url = "https://files.pythonhosted.org/packages/c0/a8/060d79ed8504b54ced9ad16f33d674b1b98a9debe9733c02709d7dd5c71c/hypothesis-6.167.1-cp310-abi3-manylinux_2_17_x86_64.manylinux2014_x86_64.whl", hash = "sha256:8c385c7741893404306f9e5559ab3835432e85e7c153e25f854c502c410bbcbb", size = 1163345, upload-time = "2026-08-30T19:53:06.583Z" },
    { url = "https://files.pythonhosted.org/packages/cb/f7/6e68e2b705f729a6f7b4f41030022b1a5264c5434d3bcd917233d6801c6a/hypothesis-6.167.1-cp310-abi3-manylinux_2_31_riscv64.whl", hash = "sha256:94920ca1fae70c26b0bd3fabbeef9437ffc17a39fe85696fb9a86187d92f6dba", size = 1123029, upload-time = "2026-08-30T19:52:03.134Z" },
    { url = "https://files.pythonhosted.org/packages/a5/c0/d274fe37ed5ecd5ad8ed555edc1f5e2abc8e1c3be3d5404b7edd5cc353a8/hypothesis-6.167.1-cp310-abi3-manylinux_2_5_i686.manylinux1_i686.whl", hash = "sha256:b8d90ded2ffdc7e56b5e571993f384b52fade0a7b424e614f999cc2491789970", size = 1154003, upload-time = "2026-08-30T19:50:55.053Z" },
    { url = "https://files.pythonhosted.org/packages/b4/2f/2b5bb386f43fc965eb86fd69fcb2bd62c08cb6d7c6708a40dc39b3b97440/hypothesis-6.167.1-cp310-abi3-musllinux_1_2_aarch64.whl", hash = "sha256:40cd5de7dd252942a08480639f5850594b1aca4a463e8a7f15e1fb6c2c3760c1", size = 1293729, upload-time = "2026-08-30T19:52:59.481Z" },
    { url = "https://files.pythonhosted.org/packages/ac/32/22436b072d79011fe81abb933edcd2476057c7b971588c5f3caf07519a88/hypothesis-6.167.1-cp310-abi3-musllinux_1_2_armv7l.whl", hash = "sha256:b9c33f921ddc7fea93660eca408b25fe755516e22ec7ab21cb9951031f1cd608", size = 1419248, upload-time = "2026-08-30T19:50:52.903Z" },
    { url = "https://files.pythonhosted.org/packages/9e/3e/abf39faaff0f78112112a82316a5c9fe472574480c1ecee526734775b812/hypothesis-6.167.1-cp310-abi3-musllinux_1_2_ppc64le.whl", hash = "sha256:495989cf0a5ee03f7f9598ee9efeaabf15fd861ec52b5a9d6435849453e17e5d", size = 1274903, upload-time = "2026-08-30T19:52:27.25Z" },
    { url = "https://files.pythonhosted.org/packages/29/83/69b89ed5692ba3aad117facfb9ce099633a22c35acc3d64829b72253ec8c/hypothesis-6.167.1-cp310-abi3-musllinux_1_2_riscv64.whl", hash = "sha256:bc73c46ce8ff93b0eb220f2b75adcbd9fcc9112078a74d3522d2532ad8069bad", size = 1294185, upload-time = "2026-08-30T19:50:35.038Z" },
    { url = "https://files.pythonhosted.org/packages/2b/1e/55dfcbe45c72df0a5c5b86a6b7c9365121acab69c2cc060bd55336a48c8f/hypothesis-6.167.1-cp310-abi3-musllinux_1_2_x86_64.whl", hash = "sha256:36e83e1d7e97aaacbf6cd778e14a841344f848a674b20dfe4fe997546a6a2151", size = 1330013, upload-time = "2026-08-30T19:52:54.841Z" },
    { url = "https://files.pythonhosted.org/packages/3b/a6/0a36cead4ccff58bedb5d1aa2f894f7a580c317424b4fa788c6b22232b2d/hypothesis-6.167.1-cp310-abi3-win32.whl", hash = "sha256:fb4d87454d2459c2ccb541a4c61c92ce13058b91305ed3304695a409a1d886e4", size = 671942, upload-time = "2026-08-30T19:51:32.732Z" },
    { url = "https://files.pythonhosted.org/packages/ec/5b/360285ed42109f5ef48d98ca9ffcf71d1477130c0ff1f1a8d535c8507259/hypothesis-6.167.1-cp310-abi3-win_amd64.whl", hash = "sha256:5e35f98b427bf438a946203426b485dd5b62485f3d5a69a0e0862870a545e518", size = 678637, upload-time = "2026-08-30T19:50:33.573Z" },
    { url = "https://files.pythonhosted.org/packages/79/2d/cc084c1a8bfa296048ec0461f0fa11731abe0097f5c2310c8d39d94c8dc4/hypothesis-6.167.1-cp310-abi3-win_arm64.whl", hash = "sha256:dd6a0808a2eb8b5b1ac06bca4244eee18ed2c0e7b105599e1662203d164317b5", size = 676657, upload-time = "2026-08-30T19:51:34.494Z" },
    { url = "https://files.pythonhosted.org/packages/72/82/07987292cfb59c73ce6574e2912c015f678d5aa4d8c0712b78ae4415a535/hypothesis-6.167.1-cp312-cp312-macosx_10_12_x86_64.whl", hash = "sha256:1937ae4e23f7dde6d4202d3d08c2633bcd535a091bdf866b8799abaabcb1e6f0", size = 787050, upload-time = "2026-08-30T19:51:10.782Z" },
    { url = "https://files.pythonhosted.org/packages/c7/e9/0d37051bec44ec433d87da03c9a7fe389b1b58210790c1f166af249bf941/hypothesis-6.167.1-cp312-cp312-macosx_11_0_arm64.whl", hash = "sha256:1434bbd25d05aaf75c4e6829b4cad8e9931b690f840d92b747b2e6e5af575922", size = 778617, upload-time = "2026-08-30T19:50:31.939Z" },
    { url = "https://files.pythonhosted.org/packages/13/2a/60c18a493215c22c9cfcb4574b381497bd1971eed9fb5f9831b26e73cffb/hypothesis-6.167.1-cp312-cp312-manylinux_2_17_aarch64.manylinux2014_aarch64.whl", hash = "sha256:af3c09428e553b1dd2f9abbc4738377c58bf6d74cb0b8b528cc1dde3a9cdfbe8", size = 1116743, upload-time = "2026-08-30T19:50:49.293Z" },
    { url = "https://files.pythonhosted.org/packages/12/1f/b6796f11d6502e0b1764aec99f2792ca60382b6a45e26bbe163dc5757980/hypothesis-6.167.1-cp312-cp312-manylinux_2_17_x86_64.manylinux2014_x86_64.whl", hash = "sha256:04f807b85d425a7005e8a24498ca832bf5590f0d306737471d94c842569cecef", size = 1162718, upload-time = "2026-08-30T19:52:47.544Z" },
    { url = "https://files.pythonhosted.org/packages/a8/6c/e3cf35474b799e299fa08980b6756f500d730781686916ab65f87cbc0613/hypothesis-6.167.1-cp312-cp312-musllinux_1_2_aarch64.whl", hash = "sha256:803c6a98ff66cee4caf03245bfd00e442a907264031b994a3a650dc6e4786f51", size = 1292417, upload-time = "2026-08-30T19:50:56.822Z" },
    { url = "https://files.pythonhosted.org/packages/9a/4c/875803c80c373a1628f8eb62f215ad23ce7b50ed61f884d6be0838ebea4a/hypothesis-6.167.1-cp312-cp312-musllinux_1_2_x86_64.whl", hash = "sha256:21a7122ddf072906083e3704fe3961ecbc49d7d30a9b51bcd525d977b3afe65e", size = 1329035, upload-time = "2026-08-30T19:51:46.659Z" },
    { url = "https://files.pythonhosted.org/packages/90/a8/a8daed3796623884471dc0ee8ed63917b1e2b979b4074bcea19a964fcd71/hypothesis-6.167.1-cp312-cp312-win_amd64.whl", hash = "sha256:a2837c60d782eb0b8a910c541264675b9d11486e186af8c82a5e2920b5fe4fe8", size = 675966, upload-time = "2026-08-30T19:51:56.58Z" },
    { url = "https://files.pythonhosted.org/packages/b0/45/59abecd75e52b9dfb5b3eb991276f54954c44917a1c83d148cfb3580bd39/hypothesis-6.167.1-cp315-abi3.abi3t-macosx_10_12_x86_64.whl", hash = "sha256:c25c556d51d55d94988dc0a2c716d471ff19cf9632cd33f5e6db2914d802428a", size = 785097, upload-time = "2026-08-30T19:51:12.528Z" },
    { url = "https://files.pythonhosted.org/packages/01/7c/e6d978dc9564ba70352da60c00f55f6ad7d66d99ecbf336a228978206cb4/hypothesis-6.167.1-cp315-abi3.abi3t-macosx_11_0_arm64.whl", hash = "sha256:b57e950f9d5c93ca335bc612e8fa8fb49abb187c3fc9d5e7d9966d52eb27d747", size = 776798, upload-time = "2026-08-30T19:50:47.247Z" },
    { url = "https://files.pythonhosted.org/packages/d1/a4/f8ecedcf96790aab69d750afe3fcbf503229d0bb4e0c32be655385a4fc8c/hypothesis-6.167.1-cp315-abi3.abi3t-manylinux_2_17_aarch64.manylinux2014_aarch64.whl", hash = "sha256:0807ae8d399162827fc1c396ab4c697a41921c2a2baacfada439771e9dc2b867", size = 1115116, upload-time = "2026-08-30T19:52:16.029Z" },
    { url = "https://files.pythonhosted.org/packages/7e/97/8bca7c262ac4fcb1ee684c04e4ba75f26541d3a30417e3743d19912d257e/hypothesis-6.167.1-cp315-abi3.abi3t-manylinux_2_17_armv7l.manylinux2014_armv7l.whl", hash = "sha256:546fef39c7aadba74bf3e592585694a71340d1775e9b3274bb3f94106dbde4b7", size = 1137812, upload-time = "2026-08-30T19:51:25.507Z" },
    { url = "https://files.pythonhosted.org/packages/d6/07/9cb4a7fc2aa2b2ad063b446c378f0d7acfa5303e84afd1b1374ba23fd6f3/hypothesis-6.167.1-cp315-abi3.abi3t-manylinux_2_17_ppc64le.manylinux2014_ppc64le.whl", hash = "sha256:a17a5618b6a5b84f17c8acb3bce37122647cf7a3e48b660a39d68a773bd627dd", size = 1140384, upload-time = "2026-08-30T19:52:05.264Z" },
    { url = "https://files.pythonhosted.org/packages/1c/18/813bf7efa18f11ce938a0da22a7518a54db46d4a181ebf4cb0a8061c263f/hypothesis-6.167.1-cp315-abi3.abi3t-manylinux_2_17_x86_64.manylinux2014_x86_64.whl", hash = "sha256:0ff5ad833480c1e34ae902cb52fc00802b08ac6c87bd22d7e5f04fd925869608", size = 1160569, upload-time = "2026-08-30T19:51:40.099Z" },
    { url = "https://files.pythonhosted.org/packages/52/1d/6658d9294ed33bb17da4acf06fe63b010b205ea1861f6921c38060793255/hypothesis-6.167.1-cp315-abi3.abi3t-manylinux_2_31_riscv64.whl", hash = "sha256:630eb37df80b5bc4ec6f391b13caaecc06942ff5da3aadebacf85f53bbc55757", size = 1120605, upload-time = "2026-08-30T19:53:01.848Z" },
    { url = "https://files.pythonhosted.org/packages/a6/81/a75821c0e879223a2635b8eded84ae874cb6c711b23e9930668008d0b13f/hypothesis-6.167.1-cp315-abi3.abi3t-manylinux_2_5_i686.manylinux1_i686.whl", hash = "sha256:bc4e65f7c43b187f7a40964706b5ded1073e0c1839e9fb5e041d7ed973bb65fe", size = 1149479, upload-time = "2026-08-30T19:51:30.972Z" },
    { url = "https://files.pythonhosted.org/packages/4e/f2/c8c3faf4ec796d6dbf36b84662806696434aef38616e5a65b46188c04262/hypothesis-6.167.1-cp315-abi3.abi3t-musllinux_1_2_aarch64.whl", hash = "sha256:e849f518cbc4e76ab15f2f1473c60dd3103da8d32399187325ceb84309105976", size = 1290423, upload-time = "2026-08-30T19:50:51.114Z" },
    { url = "https://files.pythonhosted.org/packages/a4/e3/e0903abe7e8634cedb5414931452e82daacdd3b8b46d6348bbefcaa45f2a/hypothesis-6.167.1-cp315-abi3.abi3t-musllinux_1_2_armv7l.whl", hash = "sha256:5c5a26d4d3dca0c84e01bde41df4cabaa5a373c7393f9eef372d19fe93b07ccd", size = 1415749, upload-time = "2026-08-30T19:51:48.456Z" },
    { url = "https://files.pythonhosted.org/packages/a6/9b/03f09c1ecac1dfb0f4cd7fcc6dc50d9c6ea8067b295a728e242650bafe32/hypothesis-6.167.1-cp315-abi3.abi3t-musllinux_1_2_ppc64le.whl", hash = "sha256:4819adbc5911648f6bfaeb574f276add184b4b49f54731dbde46fd71256bb157", size = 1272086, upload-time = "2026-08-30T19:52:29.368Z" },
    { url = "https://files.pythonhosted.org/packages/7c/7c/7a63bfc0bfbaf000f71352c4faac72ff611376330a2ce2e9a1bf4668848a/hypothesis-6.167.1-cp315-abi3.abi3t-musllinux_1_2_riscv64.whl", hash = "sha256:3ad7206de9c398c8da5745b69b5ba2ef45100082eeb174656490bc4f262b112c", size = 1291553, upload-time = "2026-08-30T19:52:07.545Z" },
    { url = "https://files.pythonhosted.org/packages/e8/5c/8065bdab53bc81743ca68fc76ca53fc7531a5b3f01c0de4ba40467955d6a/hypothesis-6.167.1-cp315-abi3.abi3t-musllinux_1_2_x86_64.whl", hash = "sha256:96d5e8017a9508f06c8a61a6130cb0d0b4810847ed5c76923cb5cfb9952b31af", size = 1327734, upload-time = "2026-08-30T19:51:42.306Z" },
    { url = "https://files.pythonhosted.org/packages/0d/a0/5c15d480aea3a8e6e5c17c7cb1170171707ac643ffd319473bc194743ad8/hypothesis-6.167.1-cp315-abi3.abi3t-win32.whl", hash = "sha256:a4e4de36a397cba49d949d89cbc26135977c15f9d797caa95317962ceb5b5674", size = 669115, upload-time = "2026-08-30T19:51:14.192Z" },
    { url = "https://files.pythonhosted.org/packages/1b/36/4cf494bc96384189fedb7d3f272580315f2284a9f8a7f6a59796612eb76d/hypothesis-6.167.1-cp315-abi3.abi3t-win_amd64.whl", hash = "sha256:f6fe9c40ab14def363d9e7ab22863fa31652bd5e08f8495b34ff7bd0062b3f8d", size = 675438, upload-time = "2026-08-30T19:51:06.881Z" },
    { url = "https://files.pythonhosted.org/packages/b0/7f/db1a37e5f45be32c0e64f9ed1268eba56aeedcb2ef20d195fa60c6610347/hypothesis-6.167.1-cp315-abi3.abi3t-win_arm64.whl", hash = "sha256:627ce3bd166799a6c0ddcf1351049be5b9a772d5bce436216d42b41a935f42c0", size = 673123, upload-time = "2026-08-30T19:52:13.991Z" },
]

[[package]]
name = "iniconfig"
version = "2.3.0"
source = { registry = "https://pypi.org/simple" }
sdist = { url = "https://files.pythonhosted.org/packages/72/34/14ca021ce8e5dfedc35312d08ba8bf51fdd999c576889fc2c24cb97f4f10/iniconfig-2.3.0.tar.gz", hash = "sha256:c76315c77db068650d49c5b56314774a7804df16fee4402c1f19d6d15d8c4730", size = 20503, upload-time = "2025-10-18T21:55:43.219Z" }
wheels = [
    { url = "https://files.pythonhosted.org/packages/cb/b1/3846dd7f199d53cb17f49cba7e651e9ce294d8497c8c150530ed11865bb8/iniconfig-2.3.0-py3-none-any.whl", hash = "sha256:f631c04d2c48c52b84d0d0549c99ff3859c98df65b3101406327ecc7d53fbf12", size = 7484, upload-time = "2025-10-18T21:55:41.639Z" },
]

[[package]]
name = "loguru"
version = "0.7.3"
source = { registry = "https://pypi.org/simple" }
dependencies = [
    { name = "colorama", marker = "sys_platform == 'win32'" },
    { name = "win32-setctime", marker = "sys_platform == 'win32'" },
]
sdist = { url = "https://files.pythonhosted.org/packages/3a/05/a1dae3dffd1116099471c643b8924f5aa6524411dc6c63fdae648c4f1aca/loguru-0.7.3.tar.gz", hash = "sha256:19480589e77d47b8d85b2c827ad95d49bf31b0dcde16593892eb51dd18706eb6", size = 63559, upload-time = "2024-12-06T11:20:56.608Z" }
wheels = [
    { url = "https://files.pythonhosted.org/packages/0c/29/0348de65b8cc732daa3e33e67806420b2ae89bdce2b04af740289c5c6c8c/loguru-0.7.3-py3-none-any.whl", hash = "sha256:31a33c10c8e1e10422bfd431aeb5d351c7cf7fa671e3c4df004162264b28220c", size = 61595, upload-time = "2024-12-06T11:20:54.538Z" },
]

[[package]]
name = "packaging"
version = "26.3"
source = { registry = "https://pypi.org/simple" }
sdist = { url = "https://files.pythonhosted.org/packages/7d/fa/3944b40b07da9ce895c0e6303a5ab7d53da063554f534556b134a54d6093/packaging-26.3.tar.gz", hash = "sha256:94edc256424af38762eb31306eed28beb9f0efc50a8837492c9d6fd6004aed79", size = 313412, upload-time = "2026-08-04T18:15:28.737Z" }
wheels = [
    { url = "https://files.pythonhosted.org/packages/63/34/ba1c580383c9eada3711951fef0795c80b829a078d72188184bcab9dd527/packaging-26.3-py3-none-any.whl", hash = "sha256:d7193f7c8e4e93f444fde0262bf90af30e16fa0ad0ad44cb553c87339b23cd1c", size = 129956, upload-time = "2026-08-04T18:15:27.159Z" },
]

[[package]]
name = "pluggy"
version = "1.6.0"
source = { registry = "https://pypi.org/simple" }
sdist = { url = "https://files.pythonhosted.org/packages/f9/e2/3e91f31a7d2b083fe6ef3fa267035b518369d9511ffab804f839851d2779/pluggy-1.6.0.tar.gz", hash = "sha256:7dcc130b76258d33b90f61b658791dede3486c3e6bfb003ee5c9bfb396dd22f3", size = 69412, upload-time = "2025-05-15T12:30:07.975Z" }
wheels = [
    { url = "https://files.pythonhosted.org/packages/54/20/4d324d65cc6d9205fabedc306948156824eb9f0ee1633355a8f7ec5c66bf/pluggy-1.6.0-py3-none-any.whl", hash = "sha256:e920276dd6813095e9377c0bc5566d94c932c33b27a3e3945d8389c374dd4746", size = 20538, upload-time = "2025-05-15T12:30:06.134Z" },
]

[[package]]
name = "pygments"
version = "2.21.0"
source = { registry = "https://pypi.org/simple" }
sdist = { url = "https://files.pythonhosted.org/packages/49/2e/ced460408999b33da6b31b0021b0f37d329e202d4169aeb164493778f25b/pygments-2.21.0.tar.gz", hash = "sha256:610ca751c9bc2492b38eb9a38a7fbc93edbbb2d7182edaf34e66ae493dee5c8c", size = 5005329, upload-time = "2026-08-17T08:02:48.824Z" }
wheels = [
    { url = "https://files.pythonhosted.org/packages/71/46/17f022dd3e953bf20a04a028a21ec746d942f8d2af30fa0f124fa0e6a684/pygments-2.21.0-py3-none-any.whl", hash = "sha256:2363c69b61c4a97c838da3b130dcd6468f4848992b21a82f2a63ec34377137d9", size = 1250147, upload-time = "2026-08-17T08:02:44.912Z" },
]

[[package]]
name = "pyqt5"
version = "5.15.11"
source = { registry = "https://pypi.org/simple" }
dependencies = [
    { name = "pyqt5-qt5" },
    { name = "pyqt5-sip" },
]
sdist = { url = "https://files.pythonhosted.org/packages/0e/07/c9ed0bd428df6f87183fca565a79fee19fa7c88c7f00a7f011ab4379e77a/PyQt5-5.15.11.tar.gz", hash = "sha256:fda45743ebb4a27b4b1a51c6d8ef455c4c1b5d610c90d2934c7802b5c1557c52", size = 3216775, upload-time = "2024-07-19T08:39:57.756Z" }
wheels = [
    { url = "https://files.pythonhosted.org/packages/11/64/42ec1b0bd72d87f87bde6ceb6869f444d91a2d601f2e67cd05febc0346a1/PyQt5-5.15.11-cp38-abi3-macosx_11_0_arm64.whl", hash = "sha256:c8b03dd9380bb13c804f0bdb0f4956067f281785b5e12303d529f0462f9afdc2", size = 6579776, upload-time = "2024-07-19T08:39:19.775Z" },
    { url = "https://files.pythonhosted.org/packages/49/f5/3fb696f4683ea45d68b7e77302eff173493ac81e43d63adb60fa760b9f91/PyQt5-5.15.11-cp38-abi3-macosx_11_0_x86_64.whl", hash = "sha256:6cd75628f6e732b1ffcfe709ab833a0716c0445d7aec8046a48d5843352becb6", size = 7016415, upload-time = "2024-07-19T08:39:32.977Z" },
    { url = "https://files.pythonhosted.org/packages/b4/8c/4065950f9d013c4b2e588fe33cf04e564c2322842d84dbcbce5ba1dc28b0/PyQt5-5.15.11-cp38-abi3-manylinux_2_17_x86_64.whl", hash = "sha256:cd672a6738d1ae33ef7d9efa8e6cb0a1525ecf53ec86da80a9e1b6ec38c8d0f1", size = 8188103, upload-time = "2024-07-19T08:39:40.561Z" },
    { url = "https://files.pythonhosted.org/packages/f3/f0/ae5a5b4f9b826b29ea4be841b2f2d951bcf5ae1d802f3732b145b57c5355/PyQt5-5.15.11-cp38-abi3-win32.whl", hash = "sha256:76be0322ceda5deecd1708a8d628e698089a1cea80d1a49d242a6d579a40babd", size = 5433308, upload-time = "2024-07-19T08:39:46.932Z" },
    { url = "https://files.pythonhosted.org/packages/56/d5/68eb9f3d19ce65df01b6c7b7a577ad3bbc9ab3a5dd3491a4756e71838ec9/PyQt5-5.15.11-cp38-abi3-win_amd64.whl", hash = "sha256:bdde598a3bb95022131a5c9ea62e0a96bd6fb28932cc1619fd7ba211531b7517", size = 6865864, upload-time = "2024-07-19T08:39:53.572Z" },
]

[[package]]
name = "pyqt5-qt5"
version = "5.15.19"
source = { registry = "https://pypi.org/simple" }
wheels = [
    { url = "https://files.pythonhosted.org/packages/06/af/c0e00d353cad261ee9ccd5f6039b7ef4e09a1cb9a22c6a4b233854f6fa30/pyqt5_qt5-5.15.19-py3-none-macosx_10_13_x86_64.whl", hash = "sha256:cac6b78e4805848c25979a0622660251070781b6b4f810688a960cb44d1ae5a2", size = 39777655, upload-time = "2026-05-21T09:12:43.94Z" },
    { url = "https://files.pythonhosted.org/packages/1c/d0/fd4876b90bbadaa92444ff452ab78d9ba839014a6d303e77d29c0c591631/pyqt5_qt5-5.15.19-py3-none-macosx_11_0_arm64.whl", hash = "sha256:66fa299dcdea1f430edbd6f6ca3dcb20430f19c508d13e3aa851d19034b7be7e", size = 36838788, upload-time = "2026-05-21T09:12:59.334Z" },
    { url = "https://files.pythonhosted.org/packages/de/a0/dd9889ed9bf100d6d8b9d608b2689dc2a7f871f9489a0c563a8cf78c329f/pyqt5_qt5-5.15.19-py3-none-manylinux2014_x86_64.whl", hash = "sha256:31421d9c31fb29a8faee4b8b3c32658fb51a9e8c4c708075121162fa44faf80e", size = 60933242, upload-time = "2026-05-21T09:13:16.308Z" },
]

[[package]]
name = "pyqt5-sip"
version = "12.19.0"
source = { registry = "https://pypi.org/simple" }
sdist = { url = "https://files.pythonhosted.org/packages/0d/9d/5179b8e619fe084218a87f963f1648cba4c5aa5bb98dd5661d2cbb9eb1e4/pyqt5_sip-12.19.0.tar.gz", hash = "sha256:71cacf1879da2cd3e50cb239e21673cfe02d358af70ab6768817c960428868c3", size = 105525, upload-time = "2026-08-02T12:04:00.159Z" }
wheels = [
    { url = "https://files.pythonhosted.org/packages/bf/0c/d3475b2f91d724d87e7bd43193521fd452b025c29c28308c00c8e8b82cbb/pyqt5_sip-12.19.0-cp312-cp312-macosx_10_9_universal2.whl", hash = "sha256:6f7cd8a868f20fe450b6d17016ff0b0e0c8fecf32d620dcbf319a2174cbcad00", size = 123909, upload-time = "2026-08-02T12:03:47.123Z" },
    { url = "https://files.pythonhosted.org/packages/f5/77/c54440a7a22f0e04dbbc4246d5896ecba7192551134f5978b559361d3d79/pyqt5_sip-12.19.0-cp312-cp312-manylinux_2_5_x86_64.manylinux1_x86_64.whl", hash = "sha256:3c5e0da86b5ae71b7acf2134e15fc8734a129549119cade25accddb3f28cb950", size = 280996, upload-time = "2026-08-02T12:03:48.082Z" },
    { url = "https://files.pythonhosted.org/packages/46/a5/cfe850c1f01ef9ac25392a27ec4ea6ee2fa8bec59ac04aab9fb4bf3ff78c/pyqt5_sip-12.19.0-cp312-cp312-win32.whl", hash = "sha256:aa94140b8f8255f87f85b55a471b0cabfd6c8a41a752a6d3f3d3f34942b8ee3d", size = 49403, upload-time = "2026-08-02T12:03:50.184Z" },
    { url = "https://files.pythonhosted.org/packages/9b/27/096f0c79c1b894baf8584350f0ed5f033ff639778c91204cfd3066fe155a/pyqt5_sip-12.19.0-cp312-cp312-win_amd64.whl", hash = "sha256:628f58e13d47bd7f1a002c0c1d874b5ad7e5644c10d9334c7de4b91b001f6607", size = 57830, upload-time = "2026-08-02T12:03:49.266Z" },
]

[[package]]
name = "pytest"
version = "8.4.2"
source = { registry = "https://pypi.org/simple" }
dependencies = [
    { name = "colorama", marker = "sys_platform == 'win32'" },
    { name = "iniconfig" },
    { name = "packaging" },
    { name = "pluggy" },
    { name = "pygments" },
]
sdist = { url = "https://files.pythonhosted.org/packages/a3/5c/00a0e072241553e1a7496d638deababa67c5058571567b92a7eaa258397c/pytest-8.4.2.tar.gz", hash = "sha256:86c0d0b93306b961d58d62a4db4879f27fe25513d4b969df351abdddb3c30e01", size = 1519618, upload-time = "2025-09-04T14:34:22.711Z" }
wheels = [
    { url = "https://files.pythonhosted.org/packages/a8/a4/20da314d277121d6534b3a980b29035dcd51e6744bd79075a6ce8fa4eb8d/pytest-8.4.2-py3-none-any.whl", hash = "sha256:872f880de3fc3a5bdc88a11b39c9710c3497a547cfa9320bc3c5e62fbf272e79", size = 365750, upload-time = "2025-09-04T14:34:20.226Z" },
]

[[package]]
name = "pytest-qt"
version = "4.5.0"
source = { registry = "https://pypi.org/simple" }
dependencies = [
    { name = "pluggy" },
    { name = "pytest" },
    { name = "typing-extensions" },
]
sdist = { url = "https://files.pythonhosted.org/packages/d3/61/8bdec02663c18bf5016709b909411dce04a868710477dc9b9844ffcf8dd2/pytest_qt-4.5.0.tar.gz", hash = "sha256:51620e01c488f065d2036425cbc1cbcf8a6972295105fd285321eb47e66a319f", size = 128702, upload-time = "2025-07-01T17:24:39.889Z" }
wheels = [
    { url = "https://files.pythonhosted.org/packages/cc/d0/8339b888ad64a3d4e508fed8245a402b503846e1972c10ad60955883dcbb/pytest_qt-4.5.0-py3-none-any.whl", hash = "sha256:ed21ea9b861247f7d18090a26bfbda8fb51d7a8a7b6f776157426ff2ccf26eff", size = 37214, upload-time = "2025-07-01T17:24:38.226Z" },
]

[[package]]
name = "pyyaml"
version = "6.0.3"
source = { registry = "https://pypi.org/simple" }
sdist = { url = "https://files.pythonhosted.org/packages/05/8e/961c0007c59b8dd7729d542c61a4d537767a59645b82a0b521206e1e25c2/pyyaml-6.0.3.tar.gz", hash = "sha256:d76623373421df22fb4cf8817020cbb7ef15c725b9d5e45f17e189bfc384190f", size = 130960, upload-time = "2025-09-25T21:33:16.546Z" }
wheels = [
    { url = "https://files.pythonhosted.org/packages/d1/33/422b98d2195232ca1826284a76852ad5a86fe23e31b009c9886b2d0fb8b2/pyyaml-6.0.3-cp312-cp312-macosx_10_13_x86_64.whl", hash = "sha256:7f047e29dcae44602496db43be01ad42fc6f1cc0d8cd6c83d342306c32270196", size = 182063, upload-time = "2025-09-25T21:32:11.445Z" },
    { url = "https://files.pythonhosted.org/packages/89/a0/6cf41a19a1f2f3feab0e9c0b74134aa2ce6849093d5517a0c550fe37a648/pyyaml-6.0.3-cp312-cp312-macosx_11_0_arm64.whl", hash = "sha256:fc09d0aa354569bc501d4e787133afc08552722d3ab34836a80547331bb5d4a0", size = 173973, upload-time = "2025-09-25T21:32:12.492Z" },
    { url = "https://files.pythonhosted.org/packages/ed/23/7a778b6bd0b9a8039df8b1b1d80e2e2ad78aa04171592c8a5c43a56a6af4/pyyaml-6.0.3-cp312-cp312-manylinux2014_aarch64.manylinux_2_17_aarch64.manylinux_2_28_aarch64.whl", hash = "sha256:9149cad251584d5fb4981be1ecde53a1ca46c891a79788c0df828d2f166bda28", size = 775116, upload-time = "2025-09-25T21:32:13.652Z" },
    { url = "https://files.pythonhosted.org/packages/65/30/d7353c338e12baef4ecc1b09e877c1970bd3382789c159b4f89d6a70dc09/pyyaml-6.0.3-cp312-cp312-manylinux2014_s390x.manylinux_2_17_s390x.manylinux_2_28_s390x.whl", hash = "sha256:5fdec68f91a0c6739b380c83b951e2c72ac0197ace422360e6d5a959d8d97b2c", size = 844011, upload-time = "2025-09-25T21:32:15.21Z" },
    { url = "https://files.pythonhosted.org/packages/8b/9d/b3589d3877982d4f2329302ef98a8026e7f4443c765c46cfecc8858c6b4b/pyyaml-6.0.3-cp312-cp312-manylinux2014_x86_64.manylinux_2_17_x86_64.manylinux_2_28_x86_64.whl", hash = "sha256:ba1cc08a7ccde2d2ec775841541641e4548226580ab850948cbfda66a1befcdc", size = 807870, upload-time = "2025-09-25T21:32:16.431Z" },
    { url = "https://files.pythonhosted.org/packages/05/c0/b3be26a015601b822b97d9149ff8cb5ead58c66f981e04fedf4e762f4bd4/pyyaml-6.0.3-cp312-cp312-musllinux_1_2_aarch64.whl", hash = "sha256:8dc52c23056b9ddd46818a57b78404882310fb473d63f17b07d5c40421e47f8e", size = 761089, upload-time = "2025-09-25T21:32:17.56Z" },
    { url = "https://files.pythonhosted.org/packages/be/8e/98435a21d1d4b46590d5459a22d88128103f8da4c2d4cb8f14f2a96504e1/pyyaml-6.0.3-cp312-cp312-musllinux_1_2_x86_64.whl", hash = "sha256:41715c910c881bc081f1e8872880d3c650acf13dfa8214bad49ed4cede7c34ea", size = 790181, upload-time = "2025-09-25T21:32:18.834Z" },
    { url = "https://files.pythonhosted.org/packages/74/93/7baea19427dcfbe1e5a372d81473250b379f04b1bd3c4c5ff825e2327202/pyyaml-6.0.3-cp312-cp312-win32.whl", hash = "sha256:96b533f0e99f6579b3d4d4995707cf36df9100d67e0c8303a0c55b27b5f99bc5", size = 137658, upload-time = "2025-09-25T21:32:20.209Z" },
    { url = "https://files.pythonhosted.org/packages/86/bf/899e81e4cce32febab4fb42bb97dcdf66bc135272882d1987881a4b519e9/pyyaml-6.0.3-cp312-cp312-win_amd64.whl", hash = "sha256:5fcd34e47f6e0b794d17de1b4ff496c00986e1c83f7ab2fb8fcfe9616ff7477b", size = 154003, upload-time = "2025-09-25T21:32:21.167Z" },
    { url = "https://files.pythonhosted.org/packages/1a/08/67bd04656199bbb51dbed1439b7f27601dfb576fb864099c7ef0c3e55531/pyyaml-6.0.3-cp312-cp312-win_arm64.whl", hash = "sha256:64386e5e707d03a7e172c0701abfb7e10f0fb753ee1d773128192742712a98fd", size = 140344, upload-time = "2025-09-25T21:32:22.617Z" },
]

[[package]]
name = "sortedcontainers"
version = "2.4.0"
source = { registry = "https://pypi.org/simple" }
sdist = { url = "https://files.pythonhosted.org/packages/e8/c4/ba2f8066cceb6f23394729afe52f3bf7adec04bf9ed2c820b39e19299111/sortedcontainers-2.4.0.tar.gz", hash = "sha256:25caa5a06cc30b6b83d11423433f65d1f9d76c4c6a0c90e3379eaa43b9bfdb88", size = 30594, upload-time = "2021-05-16T22:03:42.897Z" }
wheels = [
    { url = "https://files.pythonhosted.org/packages/32/46/9cb0e58b2deb7f82b84065f37f3bffeb12413f947f9388e4cac22c4621ce/sortedcontainers-2.4.0-py2.py3-none-any.whl", hash = "sha256:a163dcaede0f1c021485e957a39245190e74249897e2ae4b2aa38595db237ee0", size = 29575, upload-time = "2021-05-16T22:03:41.177Z" },
]

[[package]]
name = "synthgen"
version = "0.1.0"
source = { editable = "." }
dependencies = [
    { name = "hybrid-mortgage-calculator" },
    { name = "loguru" },
    { name = "pyyaml" },
]

[package.optional-dependencies]
gui = [
    { name = "pyqt5" },
    { name = "pytest-qt" },
]
test = [
    { name = "hypothesis" },
    { name = "pytest" },
]

[package.metadata]
requires-dist = [
    { name = "hybrid-mortgage-calculator", directory = "../chapter31" },
    { name = "hypothesis", marker = "extra == 'test'", specifier = ">=6.100,<7" },
    { name = "loguru", specifier = ">=0.7,<1" },
    { name = "pyqt5", marker = "extra == 'gui'", specifier = ">=5.15,<6" },
    { name = "pytest", marker = "extra == 'test'", specifier = ">=8,<9" },
    { name = "pytest-qt", marker = "extra == 'gui'", specifier = ">=4.4,<5" },
    { name = "pyyaml", specifier = ">=6,<7" },
]
provides-extras = ["test", "gui"]

[[package]]
name = "typing-extensions"
version = "4.16.0"
source = { registry = "https://pypi.org/simple" }
sdist = { url = "https://files.pythonhosted.org/packages/f6/cc/6253133b5bb138fc3306cebfbda2c520f545d36b5be2c7255cc528bb45d6/typing_extensions-4.16.0.tar.gz", hash = "sha256:dc983d19a509c94dba722ee6abd33940f7c05a89e243c47e907eb4db6f1a43e5", size = 113555, upload-time = "2026-07-02T08:40:05.92Z" }
wheels = [
    { url = "https://files.pythonhosted.org/packages/49/d3/b8441a820a491ddfc024b0b0cf0393375b75ea13866d9c66727e54c2fc80/typing_extensions-4.16.0-py3-none-any.whl", hash = "sha256:481caa481374e813c1b176ada14e97f1f67a4539ce9cfeb3f350d78d6370c2e8", size = 45571, upload-time = "2026-07-02T08:40:04.659Z" },
]

[[package]]
name = "win32-setctime"
version = "1.2.0"
source = { registry = "https://pypi.org/simple" }
sdist = { url = "https://files.pythonhosted.org/packages/b3/8f/705086c9d734d3b663af0e9bb3d4de6578d08f46b1b101c2442fd9aecaa2/win32_setctime-1.2.0.tar.gz", hash = "sha256:ae1fdf948f5640aae05c511ade119313fb6a30d7eabe25fef9764dca5873c4c0", size = 4867, upload-time = "2024-12-07T15:28:28.314Z" }
wheels = [
    { url = "https://files.pythonhosted.org/packages/e1/07/c6fe3ad3e685340704d314d765b7912993bcb8dc198f0e7a89382d37974b/win32_setctime-1.2.0-py3-none-any.whl", hash = "sha256:95d644c4e708aba81dc3704a116d8cbc974d70b3bdb8be1d150e36be6e9d1390", size = 4083, upload-time = "2024-12-07T15:28:26.465Z" },
]
